
Microsoft Visual Studio Solution File, Format Version 12.00
# Visual Studio Version 16
VisualStudioVersion = 16.0.30717.126
MinimumVisualStudioVersion = 10.0.40219.1
Project("{FAE04EC0-301F-11D3-BF4B-00C04F79EFBC}") = "TestHostedApp", "TestApp2\TestHostedApp.csproj", "{00EB4DB8-B49E-4D05-9310-5FC45795C890}"
EndProject
Global
	GlobalSection(SolutionConfigurationPlatforms) = preSolution
		Debug|Any CPU = Debug|Any CPU
		Release|Any CPU = Release|Any CPU
	EndGlobalSection
	GlobalSection(ProjectConfigurationPlatforms) = postSolution
		{00EB4DB8-B49E-4D05-9310-5FC45795C890}.Debug|Any CPU.ActiveCfg = Debug|Any CPU
		{00EB4DB8-B49E-4D05-9310-5FC45795C890}.Debug|Any CPU.Build.0 = Debug|Any CPU
		{00EB4DB8-B49E-4D05-9310-5FC45795C890}.Release|Any CPU.ActiveCfg = Release|Any CPU
		{00EB4DB8-B49E-4D05-9310-5FC45795C890}.Release|Any CPU.Build.0 = Release|Any CPU
	EndGlobalSection
	GlobalSection(SolutionProperties) = preSolution
		HideSolutionNode = FALSE
	EndGlobalSection
	GlobalSection(ExtensibilityGlobals) = postSolution
		SolutionGuid = {FAEC15EE-B47D-485C-907E-C29CC5AA64AF}
	EndGlobalSection
EndGlobal
